
Microsoft Visual Studio Solution File, Format Version 12.00
# Visual Studio 15
VisualStudioVersion = 15.0.27130.2027
MinimumVisualStudioVersion = 10.0.40219.1
Project("{FAE04EC0-301F-11D3-BF4B-00C04F79EFBC}") = "WebApplication1", "WebApplication1\WebApplication1.csproj", "{29392C97-C2FE-445B-8340-741A6E4C1303}"
EndProject
Global
	GlobalSection(SolutionConfigurationPlatforms) = preSolution
		Debug|Any CPU = Debug|Any CPU
		Release|Any CPU = Release|Any CPU
	EndGlobalSection
	GlobalSection(ProjectConfigurationPlatforms) = postSolution
		{29392C97-C2FE-445B-8340-741A6E4C1303}.Debug|Any CPU.ActiveCfg = Debug|Any CPU
		{29392C97-C2FE-445B-8340-741A6E4C1303}.Debug|Any CPU.Build.0 = Debug|Any CPU
		{29392C97-C2FE-445B-8340-741A6E4C1303}.Release|Any CPU.ActiveCfg = Release|Any CPU
		{29392C97-C2FE-445B-8340-741A6E4C1303}.Release|Any CPU.Build.0 = Release|Any CPU
	EndGlobalSection
	GlobalSection(SolutionProperties) = preSolution
		HideSolutionNode = FALSE
	EndGlobalSection
	GlobalSection(ExtensibilityGlobals) = postSolution
		SolutionGuid = {2C7A147C-4994-4911-8907-373BE54F769E}
	EndGlobalSection
EndGlobal
